
Microsoft Visual Studio Solution File, Format Version 12.00
# Visual Studio 15
VisualStudioVersion = 15.0.28307.168
MinimumVisualStudioVersion = 10.0.40219.1
Project("{8BC9CEB8-8B4A-11D0-8D11-00A0C91BC942}") = "BullsAndCows", "BullsAndCows\BullsAndCows.vcxproj", "{84ADBEA4-FA76-49C4-AD22-ED9DFF9CEA8A}"
EndProject
Global
	GlobalSection(SolutionConfigurationPlatforms) = preSolution
		Debug|x64 = Debug|x64
		Debug|x86 = Debug|x86
		Release|x64 = Release|x64
		Release|x86 = Release|x86
	EndGlobalSection
	GlobalSection(ProjectConfigurationPlatforms) = postSolution
		{84ADBEA4-FA76-49C4-AD22-ED9DFF9CEA8A}.Debug|x64.ActiveCfg = Debug|x64
		{84ADBEA4-FA76-49C4-AD22-ED9DFF9CEA8A}.Debug|x64.Build.0 = Debug|x64
		{84ADBEA4-FA76-49C4-AD22-ED9DFF9CEA8A}.Debug|x86.ActiveCfg = Debug|Win32
		{84ADBEA4-FA76-49C4-AD22-ED9DFF9CEA8A}.Debug|x86.Build.0 = Debug|Win32
		{84ADBEA4-FA76-49C4-AD22-ED9DFF9CEA8A}.Release|x64.ActiveCfg = Release|x64
		{84ADBEA4-FA76-49C4-AD22-ED9DFF9CEA8A}.Release|x64.Build.0 = Release|x64
		{84ADBEA4-FA76-49C4-AD22-ED9DFF9CEA8A}.Release|x86.ActiveCfg = Release|Win32
		{84ADBEA4-FA76-49C4-AD22-ED9DFF9CEA8A}.Release|x86.Build.0 = Release|Win32
	EndGlobalSection
	GlobalSection(SolutionProperties) = preSolution
		HideSolutionNode = FALSE
	EndGlobalSection
	GlobalSection(ExtensibilityGlobals) = postSolution
		SolutionGuid = {3C48D7C8-0F38-4857-9091-494AD4D082A4}
	EndGlobalSection
EndGlobal
